
Microsoft Visual Studio Solution File, Format Version 12.00
# Visual Studio Version 16
VisualStudioVersion = 16.0.28803.202
MinimumVisualStudioVersion = 10.0.40219.1
Project("{FAE04EC0-301F-11D3-BF4B-00C04F79EFBC}") = "EDMXTrimmer", "EDMXTrimmer\EDMXTrimmer.csproj", "{CEE5566E-5FFF-46E4-BC78-166980691951}"
EndProject
Project("{FAE04EC0-301F-11D3-BF4B-00C04F79EFBC}") = "EDMXTrimmerTest", "EDMXTrimmerTest\EDMXTrimmerTest.csproj", "{D555AE09-A8C1-4368-AA62-67AE517230B4}"
EndProject
Global
	GlobalSection(SolutionConfigurationPlatforms) = preSolution
		Debug|Any CPU = Debug|Any CPU
		Release|Any CPU = Release|Any CPU
	EndGlobalSection
	GlobalSection(ProjectConfigurationPlatforms) = postSolution
		{CEE5566E-5FFF-46E4-BC78-166980691951}.Debug|Any CPU.ActiveCfg = Debug|Any CPU
		{CEE5566E-5FFF-46E4-BC78-166980691951}.Debug|Any CPU.Build.0 = Debug|Any CPU
		{CEE5566E-5FFF-46E4-BC78-166980691951}.Release|Any CPU.ActiveCfg = Release|Any CPU
		{CEE5566E-5FFF-46E4-BC78-166980691951}.Release|Any CPU.Build.0 = Release|Any CPU
		{D555AE09-A8C1-4368-AA62-67AE517230B4}.Debug|Any CPU.ActiveCfg = Debug|Any CPU
		{D555AE09-A8C1-4368-AA62-67AE517230B4}.Debug|Any CPU.Build.0 = Debug|Any CPU
		{D555AE09-A8C1-4368-AA62-67AE517230B4}.Release|Any CPU.ActiveCfg = Release|Any CPU
		{D555AE09-A8C1-4368-AA62-67AE517230B4}.Release|Any CPU.Build.0 = Release|Any CPU
	EndGlobalSection
	GlobalSection(SolutionProperties) = preSolution
		HideSolutionNode = FALSE
	EndGlobalSection
	GlobalSection(ExtensibilityGlobals) = postSolution
		SolutionGuid = {55601A1E-1751-4519-A74B-C376C308D078}
	EndGlobalSection
EndGlobal
